
Microsoft Visual Studio Solution File, Format Version 12.00
# Visual Studio 14
VisualStudioVersion = 14.0.25420.1
MinimumVisualStudioVersion = 10.0.40219.1
Project("{FAE04EC0-301F-11D3-BF4B-00C04F79EFBC}") = "EntityFrameWorkInRealWorld", "WebApplication3\EntityFrameWorkInRealWorld.csproj", "{16518351-9E80-4D7B-B821-1FC846ACF16A}"
EndProject
Project("{FAE04EC0-301F-11D3-BF4B-00C04F79EFBC}") = "ConsoleApplication1", "ConsoleApplication1\ConsoleApplication1.csproj", "{3242F5AC-3D00-4759-B69B-3B23EF3C8C94}"
EndProject
Global
	GlobalSection(SolutionConfigurationPlatforms) = preSolution
		Debug|Any CPU = Debug|Any CPU
		Release|Any CPU = Release|Any CPU
	EndGlobalSection
	GlobalSection(ProjectConfigurationPlatforms) = postSolution
		{16518351-9E80-4D7B-B821-1FC846ACF16A}.Debug|Any CPU.ActiveCfg = Debug|Any CPU
		{16518351-9E80-4D7B-B821-1FC846ACF16A}.Debug|Any CPU.Build.0 = Debug|Any CPU
		{16518351-9E80-4D7B-B821-1FC846ACF16A}.Release|Any CPU.ActiveCfg = Release|Any CPU
		{16518351-9E80-4D7B-B821-1FC846ACF16A}.Release|Any CPU.Build.0 = Release|Any CPU
		{3242F5AC-3D00-4759-B69B-3B23EF3C8C94}.Debug|Any CPU.ActiveCfg = Debug|Any CPU
		{3242F5AC-3D00-4759-B69B-3B23EF3C8C94}.Debug|Any CPU.Build.0 = Debug|Any CPU
		{3242F5AC-3D00-4759-B69B-3B23EF3C8C94}.Release|Any CPU.ActiveCfg = Release|Any CPU
		{3242F5AC-3D00-4759-B69B-3B23EF3C8C94}.Release|Any CPU.Build.0 = Release|Any CPU
	EndGlobalSection
	GlobalSection(SolutionProperties) = preSolution
		HideSolutionNode = FALSE
	EndGlobalSection
EndGlobal
